
Microsoft Visual Studio Solution File, Format Version 12.00
# Visual Studio 14
VisualStudioVersion = 14.0.24720.0
MinimumVisualStudioVersion = 10.0.40219.1
Project("{FAE04EC0-301F-11D3-BF4B-00C04F79EFBC}") = "LangTools", "LangTools.csproj", "{339EB9B9-E2D5-4204-93EA-6EEF4824B238}"
EndProject
Project("{888888A0-9F3D-457C-B088-3A5042F75D52}") = "PluginGenerators", "..\PluginGenerators\PluginGenerators.pyproj", "{D9AEBEA0-6BA1-4D3D-8B60-5E681D10A450}"
EndProject
Project("{FAE04EC0-301F-11D3-BF4B-00C04F79EFBC}") = "ViewModels", "..\ViewModels\ViewModels.csproj", "{9E67F90B-83E1-49F4-BB6E-4087BE2D4F67}"
EndProject
Project("{FAE04EC0-301F-11D3-BF4B-00C04F79EFBC}") = "Models", "..\Models\Models.csproj", "{B9BCEE05-FD7B-490E-A9DC-8CAFBBDFADC7}"
EndProject
Project("{FAE04EC0-301F-11D3-BF4B-00C04F79EFBC}") = "Shared", "..\Shared\Shared.csproj", "{15F70888-5855-4141-8669-E4AB19E7EF75}"
EndProject
Project("{FAE04EC0-301F-11D3-BF4B-00C04F79EFBC}") = "Core", "..\Core\Core.csproj", "{E02C2306-45AE-4901-8ACA-CD9A004982CC}"
EndProject
Global
	GlobalSection(SolutionConfigurationPlatforms) = preSolution
		Debug|Any CPU = Debug|Any CPU
		Debug|x64 = Debug|x64
		Release|Any CPU = Release|Any CPU
		Release|x64 = Release|x64
	EndGlobalSection
	GlobalSection(ProjectConfigurationPlatforms) = postSolution
		{339EB9B9-E2D5-4204-93EA-6EEF4824B238}.Debug|Any CPU.ActiveCfg = Debug|Any CPU
		{339EB9B9-E2D5-4204-93EA-6EEF4824B238}.Debug|Any CPU.Build.0 = Debug|Any CPU
		{339EB9B9-E2D5-4204-93EA-6EEF4824B238}.Debug|x64.ActiveCfg = Debug|x64
		{339EB9B9-E2D5-4204-93EA-6EEF4824B238}.Debug|x64.Build.0 = Debug|x64
		{339EB9B9-E2D5-4204-93EA-6EEF4824B238}.Release|Any CPU.ActiveCfg = Release|Any CPU
		{339EB9B9-E2D5-4204-93EA-6EEF4824B238}.Release|Any CPU.Build.0 = Release|Any CPU
		{339EB9B9-E2D5-4204-93EA-6EEF4824B238}.Release|x64.ActiveCfg = Release|x64
		{339EB9B9-E2D5-4204-93EA-6EEF4824B238}.Release|x64.Build.0 = Release|x64
		{D9AEBEA0-6BA1-4D3D-8B60-5E681D10A450}.Debug|Any CPU.ActiveCfg = Debug|Any CPU
		{D9AEBEA0-6BA1-4D3D-8B60-5E681D10A450}.Debug|x64.ActiveCfg = Debug|Any CPU
		{D9AEBEA0-6BA1-4D3D-8B60-5E681D10A450}.Release|Any CPU.ActiveCfg = Release|Any CPU
		{D9AEBEA0-6BA1-4D3D-8B60-5E681D10A450}.Release|x64.ActiveCfg = Release|Any CPU
		{9E67F90B-83E1-49F4-BB6E-4087BE2D4F67}.Debug|Any CPU.ActiveCfg = Debug|Any CPU
		{9E67F90B-83E1-49F4-BB6E-4087BE2D4F67}.Debug|Any CPU.Build.0 = Debug|Any CPU
		{9E67F90B-83E1-49F4-BB6E-4087BE2D4F67}.Debug|x64.ActiveCfg = Debug|Any CPU
		{9E67F90B-83E1-49F4-BB6E-4087BE2D4F67}.Debug|x64.Build.0 = Debug|Any CPU
		{9E67F90B-83E1-49F4-BB6E-4087BE2D4F67}.Release|Any CPU.ActiveCfg = Release|Any CPU
		{9E67F90B-83E1-49F4-BB6E-4087BE2D4F67}.Release|Any CPU.Build.0 = Release|Any CPU
		{9E67F90B-83E1-49F4-BB6E-4087BE2D4F67}.Release|x64.ActiveCfg = Release|Any CPU
		{9E67F90B-83E1-49F4-BB6E-4087BE2D4F67}.Release|x64.Build.0 = Release|Any CPU
		{B9BCEE05-FD7B-490E-A9DC-8CAFBBDFADC7}.Debug|Any CPU.ActiveCfg = Debug|Any CPU
		{B9BCEE05-FD7B-490E-A9DC-8CAFBBDFADC7}.Debug|Any CPU.Build.0 = Debug|Any CPU
		{B9BCEE05-FD7B-490E-A9DC-8CAFBBDFADC7}.Debug|x64.ActiveCfg = Debug|Any CPU
		{B9BCEE05-FD7B-490E-A9DC-8CAFBBDFADC7}.Debug|x64.Build.0 = Debug|Any CPU
		{B9BCEE05-FD7B-490E-A9DC-8CAFBBDFADC7}.Release|Any CPU.ActiveCfg = Release|Any CPU
		{B9BCEE05-FD7B-490E-A9DC-8CAFBBDFADC7}.Release|Any CPU.Build.0 = Release|Any CPU
		{B9BCEE05-FD7B-490E-A9DC-8CAFBBDFADC7}.Release|x64.ActiveCfg = Release|Any CPU
		{B9BCEE05-FD7B-490E-A9DC-8CAFBBDFADC7}.Release|x64.Build.0 = Release|Any CPU
		{15F70888-5855-4141-8669-E4AB19E7EF75}.Debug|Any CPU.ActiveCfg = Debug|Any CPU
		{15F70888-5855-4141-8669-E4AB19E7EF75}.Debug|Any CPU.Build.0 = Debug|Any CPU
		{15F70888-5855-4141-8669-E4AB19E7EF75}.Debug|x64.ActiveCfg = Debug|Any CPU
		{15F70888-5855-4141-8669-E4AB19E7EF75}.Debug|x64.Build.0 = Debug|Any CPU
		{15F70888-5855-4141-8669-E4AB19E7EF75}.Release|Any CPU.ActiveCfg = Release|Any CPU
		{15F70888-5855-4141-8669-E4AB19E7EF75}.Release|Any CPU.Build.0 = Release|Any CPU
		{15F70888-5855-4141-8669-E4AB19E7EF75}.Release|x64.ActiveCfg = Release|Any CPU
		{15F70888-5855-4141-8669-E4AB19E7EF75}.Release|x64.Build.0 = Release|Any CPU
		{E02C2306-45AE-4901-8ACA-CD9A004982CC}.Debug|Any CPU.ActiveCfg = Debug|Any CPU
		{E02C2306-45AE-4901-8ACA-CD9A004982CC}.Debug|Any CPU.Build.0 = Debug|Any CPU
		{E02C2306-45AE-4901-8ACA-CD9A004982CC}.Debug|x64.ActiveCfg = Debug|Any CPU
		{E02C2306-45AE-4901-8ACA-CD9A004982CC}.Debug|x64.Build.0 = Debug|Any CPU
		{E02C2306-45AE-4901-8ACA-CD9A004982CC}.Release|Any CPU.ActiveCfg = Release|Any CPU
		{E02C2306-45AE-4901-8ACA-CD9A004982CC}.Release|Any CPU.Build.0 = Release|Any CPU
		{E02C2306-45AE-4901-8ACA-CD9A004982CC}.Release|x64.ActiveCfg = Release|Any CPU
		{E02C2306-45AE-4901-8ACA-CD9A004982CC}.Release|x64.Build.0 = Release|Any CPU
	EndGlobalSection
	GlobalSection(SolutionProperties) = preSolution
		HideSolutionNode = FALSE
	EndGlobalSection
EndGlobal
